
Microsoft Visual Studio Solution File, Format Version 12.00
# Visual Studio Version 17
VisualStudioVersion = 17.7.34221.43
MinimumVisualStudioVersion = 10.0.40219.1
Project("{FAE04EC0-301F-11D3-BF4B-00C04F79EFBC}") = "Personel_Kayit", "Personel_Kayit.csproj", "{D63B348C-3DB8-46C7-A30D-8A1B1AE533B9}"
EndProject
Global
	GlobalSection(SolutionConfigurationPlatforms) = preSolution
		Debug|Any CPU = Debug|Any CPU
		Release|Any CPU = Release|Any CPU
	EndGlobalSection
	GlobalSection(ProjectConfigurationPlatforms) = postSolution
		{D63B348C-3DB8-46C7-A30D-8A1B1AE533B9}.Debug|Any CPU.ActiveCfg = Debug|Any CPU
		{D63B348C-3DB8-46C7-A30D-8A1B1AE533B9}.Debug|Any CPU.Build.0 = Debug|Any CPU
		{D63B348C-3DB8-46C7-A30D-8A1B1AE533B9}.Release|Any CPU.ActiveCfg = Release|Any CPU
		{D63B348C-3DB8-46C7-A30D-8A1B1AE533B9}.Release|Any CPU.Build.0 = Release|Any CPU
	EndGlobalSection
	GlobalSection(SolutionProperties) = preSolution
		HideSolutionNode = FALSE
	EndGlobalSection
	GlobalSection(ExtensibilityGlobals) = postSolution
		SolutionGuid = {ACDECEFB-00D2-42D7-97F5-E27026512DB6}
	EndGlobalSection
EndGlobal
